
Microsoft Visual Studio Solution File, Format Version 12.00
# Visual Studio Version 17
VisualStudioVersion = 17.4.33213.308
MinimumVisualStudioVersion = 10.0.40219.1
Project("{FAE04EC0-301F-11D3-BF4B-00C04F79EFBC}") = "FlarumLite", "FlarumLite\FlarumLite.csproj", "{A59227F5-768F-4990-B243-3D196BFACEA7}"
EndProject
Project("{FAE04EC0-301F-11D3-BF4B-00C04F79EFBC}") = "FlarumLite.core", "FlarumLite.core\FlarumLite.core.csproj", "{8BE074B1-67D8-4BB1-9E0C-5ACDAC0CF6DF}"
EndProject
Project("{2150E333-8FDC-42A3-9474-1A3956D46DE8}") = "Solution Items", "Solution Items", "{A590B635-7A33-4265-9837-3A972F718CF5}"
	ProjectSection(SolutionItems) = preProject
		.editorconfig = .editorconfig
	EndProjectSection
EndProject
Global
	GlobalSection(SolutionConfigurationPlatforms) = preSolution
		Debug|Any CPU = Debug|Any CPU
		Debug|ARM = Debug|ARM
		Debug|ARM64 = Debug|ARM64
		Debug|x64 = Debug|x64
		Debug|x86 = Debug|x86
		Release|Any CPU = Release|Any CPU
		Release|ARM = Release|ARM
		Release|ARM64 = Release|ARM64
		Release|x64 = Release|x64
		Release|x86 = Release|x86
	EndGlobalSection
	GlobalSection(ProjectConfigurationPlatforms) = postSolution
		{A59227F5-768F-4990-B243-3D196BFACEA7}.Debug|Any CPU.ActiveCfg = Debug|x86
		{A59227F5-768F-4990-B243-3D196BFACEA7}.Debug|Any CPU.Build.0 = Debug|x86
		{A59227F5-768F-4990-B243-3D196BFACEA7}.Debug|Any CPU.Deploy.0 = Debug|x86
		{A59227F5-768F-4990-B243-3D196BFACEA7}.Debug|ARM.ActiveCfg = Debug|ARM
		{A59227F5-768F-4990-B243-3D196BFACEA7}.Debug|ARM.Build.0 = Debug|ARM
		{A59227F5-768F-4990-B243-3D196BFACEA7}.Debug|ARM.Deploy.0 = Debug|ARM
		{A59227F5-768F-4990-B243-3D196BFACEA7}.Debug|ARM64.ActiveCfg = Debug|ARM64
		{A59227F5-768F-4990-B243-3D196BFACEA7}.Debug|ARM64.Build.0 = Debug|ARM64
		{A59227F5-768F-4990-B243-3D196BFACEA7}.Debug|ARM64.Deploy.0 = Debug|ARM64
		{A59227F5-768F-4990-B243-3D196BFACEA7}.Debug|x64.ActiveCfg = Debug|x64
		{A59227F5-768F-4990-B243-3D196BFACEA7}.Debug|x64.Build.0 = Debug|x64
		{A59227F5-768F-4990-B243-3D196BFACEA7}.Debug|x64.Deploy.0 = Debug|x64
		{A59227F5-768F-4990-B243-3D196BFACEA7}.Debug|x86.ActiveCfg = Debug|x86
		{A59227F5-768F-4990-B243-3D196BFACEA7}.Debug|x86.Build.0 = Debug|x86
		{A59227F5-768F-4990-B243-3D196BFACEA7}.Debug|x86.Deploy.0 = Debug|x86
		{A59227F5-768F-4990-B243-3D196BFACEA7}.Release|Any CPU.ActiveCfg = Release|x86
		{A59227F5-768F-4990-B243-3D196BFACEA7}.Release|ARM.ActiveCfg = Release|ARM
		{A59227F5-768F-4990-B243-3D196BFACEA7}.Release|ARM.Build.0 = Release|ARM
		{A59227F5-768F-4990-B243-3D196BFACEA7}.Release|ARM.Deploy.0 = Release|ARM
		{A59227F5-768F-4990-B243-3D196BFACEA7}.Release|ARM64.ActiveCfg = Release|ARM64
		{A59227F5-768F-4990-B243-3D196BFACEA7}.Release|ARM64.Build.0 = Release|ARM64
		{A59227F5-768F-4990-B243-3D196BFACEA7}.Release|ARM64.Deploy.0 = Release|ARM64
		{A59227F5-768F-4990-B243-3D196BFACEA7}.Release|x64.ActiveCfg = Release|x64
		{A59227F5-768F-4990-B243-3D196BFACEA7}.Release|x64.Build.0 = Release|x64
		{A59227F5-768F-4990-B243-3D196BFACEA7}.Release|x64.Deploy.0 = Release|x64
		{A59227F5-768F-4990-B243-3D196BFACEA7}.Release|x86.ActiveCfg = Release|x86
		{A59227F5-768F-4990-B243-3D196BFACEA7}.Release|x86.Build.0 = Release|x86
		{A59227F5-768F-4990-B243-3D196BFACEA7}.Release|x86.Deploy.0 = Release|x86
		{8BE074B1-67D8-4BB1-9E0C-5ACDAC0CF6DF}.Debug|Any CPU.ActiveCfg = Debug|Any CPU
		{8BE074B1-67D8-4BB1-9E0C-5ACDAC0CF6DF}.Debug|Any CPU.Build.0 = Debug|Any CPU
		{8BE074B1-67D8-4BB1-9E0C-5ACDAC0CF6DF}.Debug|ARM.ActiveCfg = Debug|ARM
		{8BE074B1-67D8-4BB1-9E0C-5ACDAC0CF6DF}.Debug|ARM.Build.0 = Debug|ARM
		{8BE074B1-67D8-4BB1-9E0C-5ACDAC0CF6DF}.Debug|ARM64.ActiveCfg = Debug|ARM64
		{8BE074B1-67D8-4BB1-9E0C-5ACDAC0CF6DF}.Debug|ARM64.Build.0 = Debug|ARM64
		{8BE074B1-67D8-4BB1-9E0C-5ACDAC0CF6DF}.Debug|x64.ActiveCfg = Debug|x64
		{8BE074B1-67D8-4BB1-9E0C-5ACDAC0CF6DF}.Debug|x64.Build.0 = Debug|x64
		{8BE074B1-67D8-4BB1-9E0C-5ACDAC0CF6DF}.Debug|x86.ActiveCfg = Debug|x86
		{8BE074B1-67D8-4BB1-9E0C-5ACDAC0CF6DF}.Debug|x86.Build.0 = Debug|x86
		{8BE074B1-67D8-4BB1-9E0C-5ACDAC0CF6DF}.Release|Any CPU.ActiveCfg = Release|Any CPU
		{8BE074B1-67D8-4BB1-9E0C-5ACDAC0CF6DF}.Release|Any CPU.Build.0 = Release|Any CPU
		{8BE074B1-67D8-4BB1-9E0C-5ACDAC0CF6DF}.Release|ARM.ActiveCfg = Release|ARM
		{8BE074B1-67D8-4BB1-9E0C-5ACDAC0CF6DF}.Release|ARM.Build.0 = Release|ARM
		{8BE074B1-67D8-4BB1-9E0C-5ACDAC0CF6DF}.Release|ARM64.ActiveCfg = Release|ARM64
		{8BE074B1-67D8-4BB1-9E0C-5ACDAC0CF6DF}.Release|ARM64.Build.0 = Release|ARM64
		{8BE074B1-67D8-4BB1-9E0C-5ACDAC0CF6DF}.Release|x64.ActiveCfg = Release|x64
		{8BE074B1-67D8-4BB1-9E0C-5ACDAC0CF6DF}.Release|x64.Build.0 = Release|x64
		{8BE074B1-67D8-4BB1-9E0C-5ACDAC0CF6DF}.Release|x86.ActiveCfg = Release|x86
		{8BE074B1-67D8-4BB1-9E0C-5ACDAC0CF6DF}.Release|x86.Build.0 = Release|x86
	EndGlobalSection
	GlobalSection(SolutionProperties) = preSolution
		HideSolutionNode = FALSE
	EndGlobalSection
	GlobalSection(ExtensibilityGlobals) = postSolution
		SolutionGuid = {97444CD8-7CB2-4C58-BBB0-830B7B19E939}
	EndGlobalSection
EndGlobal
